{
  "name": "search engine",
  "lockfileVersion": 2,
  "requires": true,
  "packages": {
    "": {
      "dependencies": {
        "@ckirby/wink-bm25-text-search": "^3.3.0",
        "csvtojson": "^2.0.10",
        "fs": "^0.0.1-security",
        "wink-bm25-text-search": "^3.1.0"
      }
    },
    "node_modules/@ckirby/wink-bm25-text-search": {
      "version": "3.3.0",
      "resolved": "https://registry.npmjs.org/@ckirby/wink-bm25-text-search/-/wink-bm25-text-search-3.3.0.tgz",
      "integrity": "sha512-rieRbR5rBZqv6dqiorPkW0qR28LMOK6L8UpD3OLeO1BgH9BHsn6MSQi7XQRBuPZOF/gVMlRBib9mQtxzjBrNMw==",
      "dependencies": {
        "bluebird": "^3.5.1",
        "wink-helpers": "^1.4.0",
        "wink-nlp-utils": "^1.9.0"
      }
    },
    "node_modules/bluebird": {
      "version": "3.7.2",
      "resolved": "https://registry.npmjs.org/bluebird/-/bluebird-3.7.2.tgz",
      "integrity": "sha512-XpNj6GDQzdfW+r2Wnn7xiSAd7TM3jzkxGXBGTtWKuSXv1xUV+azxAm8jdWZN06QTQk+2N2XB9jRDkvbmQmcRtg=="
    },
    "node_modules/csvtojson": {
      "version": "2.0.10",
      "resolved": "https://registry.npmjs.org/csvtojson/-/csvtojson-2.0.10.tgz",
      "integrity": "sha512-lUWFxGKyhraKCW8Qghz6Z0f2l/PqB1W3AO0HKJzGIQ5JRSlR651ekJDiGJbBT4sRNNv5ddnSGVEnsxP9XRCVpQ==",
      "dependencies": {
        "bluebird": "^3.5.1",
        "lodash": "^4.17.3",
        "strip-bom": "^2.0.0"
      },
      "bin": {
        "csvtojson": "bin/csvtojson"
      },
      "engines": {
        "node": ">=4.0.0"
      }
    },
    "node_modules/emoji-regex": {
      "version": "9.2.2",
      "resolved": "https://registry.npmjs.org/emoji-regex/-/emoji-regex-9.2.2.tgz",
      "integrity": "sha512-L18DaJsXSUk2+42pv8mLs5jJT2hqFkFE4j21wOmgbUqsZ2hL72NsUU785g9RXgo3s0ZNgVl42TiHp3ZtOv/Vyg=="
    },
    "node_modules/fs": {
      "version": "0.0.1-security",
      "resolved": "https://registry.npmjs.org/fs/-/fs-0.0.1-security.tgz",
      "integrity": "sha1-invTcYa23d84E/I4WLV+yq9eQdQ="
    },
    "node_modules/is-utf8": {
      "version": "0.2.1",
      "resolved": "https://registry.npmjs.org/is-utf8/-/is-utf8-0.2.1.tgz",
      "integrity": "sha1-Sw2hRCEE0bM2NA6AeX6GXPOffXI="
    },
    "node_modules/lodash": {
      "version": "4.17.21",
      "resolved": "https://registry.npmjs.org/lodash/-/lodash-4.17.21.tgz",
      "integrity": "sha512-v2kDEe57lecTulaDIuNTPy3Ry4gLGJ6Z1O3vE1krgXZNrsQ+LFTGHVxVjcXPs17LhbZVGedAJv8XZ1tvj5FvSg=="
    },
    "node_modules/strip-bom": {
      "version": "2.0.0",
      "resolved": "https://registry.npmjs.org/strip-bom/-/strip-bom-2.0.0.tgz",
      "integrity": "sha1-YhmoVhZSBJHzV4i9vxRHqZx+aw4=",
      "dependencies": {
        "is-utf8": "^0.2.0"
      },
      "engines": {
        "node": ">=0.10.0"
      }
    },
    "node_modules/wink-bm25-text-search": {
      "version": "3.1.0",
      "resolved": "https://registry.npmjs.org/wink-bm25-text-search/-/wink-bm25-text-search-3.1.0.tgz",
      "integrity": "sha512-WhEE6geKP2JWZzhXvZImu0xbEBwN12yx5/E3/TsDP5jIP/BcfQtMTFnlDmRvygSbNQYu+WIvEh2t4nuPMEkRFw==",
      "dependencies": {
        "wink-eng-lite-web-model": "^1.2.2",
        "wink-helpers": "^2.0.0",
        "wink-nlp": "^1.8.1",
        "wink-nlp-utils": "^2.0.4"
      }
    },
    "node_modules/wink-bm25-text-search/node_modules/wink-helpers": {
      "version": "2.0.0",
      "resolved": "https://registry.npmjs.org/wink-helpers/-/wink-helpers-2.0.0.tgz",
      "integrity": "sha512-I/ZzXrHcNRXuoeFJmp2vMVqDI6UCK02Tds1WP4kSGAmx520gjL1BObVzF7d2ps24tyHIly9ngdB2jwhlFUjPvg=="
    },
    "node_modules/wink-bm25-text-search/node_modules/wink-nlp-utils": {
      "version": "2.0.7",
      "resolved": "https://registry.npmjs.org/wink-nlp-utils/-/wink-nlp-utils-2.0.7.tgz",
      "integrity": "sha512-EV+utoZt2g748YQMfADC37wJgMS1kCO2S3QnN3ZmWKTrnWs/0FryDp+5BeyyUMtEsjdTemIogL4EENt91qilKg==",
      "dependencies": {
        "wink-distance": "^2.0.1",
        "wink-helpers": "^2.0.0",
        "wink-porter2-stemmer": "^2.0.1",
        "wink-tokenizer": "^5.2.3"
      }
    },
    "node_modules/wink-bm25-text-search/node_modules/wink-porter2-stemmer": {
      "version": "2.0.1",
      "resolved": "https://registry.npmjs.org/wink-porter2-stemmer/-/wink-porter2-stemmer-2.0.1.tgz",
      "integrity": "sha512-0g+RkkqhRXFmSpJQStVXW5N/WsshWpJXsoDRW7DwVkGI2uDT6IBCoq3xdH5p6IHLaC6ygk7RWUsUx4alKxoagQ=="
    },
    "node_modules/wink-bm25-text-search/node_modules/wink-tokenizer": {
      "version": "5.3.0",
      "resolved": "https://registry.npmjs.org/wink-tokenizer/-/wink-tokenizer-5.3.0.tgz",
      "integrity": "sha512-O/yAw0g3FmSgeeQuYAJJfP7fVPB4A6ay0018qASh79aWmIOyPYy4j4r9EQT8xBjicja6lCLvgRVAybmEBaATQA==",
      "dependencies": {
        "emoji-regex": "^9.0.0"
      }
    },
    "node_modules/wink-distance": {
      "version": "2.0.1",
      "resolved": "https://registry.npmjs.org/wink-distance/-/wink-distance-2.0.1.tgz",
      "integrity": "sha512-meGDNKIvzSB4EounIuvR7PICqmq7rn4ufkacBnxcEkOXkQfbtnAR+PDSf4rsa6Mb/ax9RA3mHMqKMzycRMqD/Q==",
      "dependencies": {
        "wink-helpers": "^2.0.0",
        "wink-jaro-distance": "^2.0.0"
      }
    },
    "node_modules/wink-distance/node_modules/wink-helpers": {
      "version": "2.0.0",
      "resolved": "https://registry.npmjs.org/wink-helpers/-/wink-helpers-2.0.0.tgz",
      "integrity": "sha512-I/ZzXrHcNRXuoeFJmp2vMVqDI6UCK02Tds1WP4kSGAmx520gjL1BObVzF7d2ps24tyHIly9ngdB2jwhlFUjPvg=="
    },
    "node_modules/wink-eng-lite-web-model": {
      "version": "1.3.2",
      "resolved": "https://registry.npmjs.org/wink-eng-lite-web-model/-/wink-eng-lite-web-model-1.3.2.tgz",
      "integrity": "sha512-fUPoxuivPN+4kiDXBU3EU/v20vbbpF+weMNj5/yN8a4PvZ+e9Xg9whk2oDlIS+pFWLpCbB/iJ3r1tPjHTGc+tA==",
      "peerDependencies": {
        "wink-nlp": ">1.8.1"
      }
    },
    "node_modules/wink-helpers": {
      "version": "1.5.0",
      "resolved": "https://registry.npmjs.org/wink-helpers/-/wink-helpers-1.5.0.tgz",
      "integrity": "sha512-vEt2zk8/8UGTLky9jYeHd4BOBJtpswXY89+K4Ip9Jeh7oe7YOgGws+kTy+hHyaQOTBqAbJbXTsQ9RMnTY2CJDw=="
    },
    "node_modules/wink-jaro-distance": {
      "version": "2.0.0",
      "resolved": "https://registry.npmjs.org/wink-jaro-distance/-/wink-jaro-distance-2.0.0.tgz",
      "integrity": "sha512-9bcUaXCi9N8iYpGWbFkf83OsBkg17r4hEyxusEzl+nnReLRPqxhB9YNeRn3g54SYnVRNXP029lY3HDsbdxTAuA=="
    },
    "node_modules/wink-nlp": {
      "version": "1.10.0",
      "resolved": "https://registry.npmjs.org/wink-nlp/-/wink-nlp-1.10.0.tgz",
      "integrity": "sha512-fpANFuIAkqeNfOmhjqrXUgsy/r+4jGaMCCA61gZ9JRfftJ4tFqH4/od0X8xzBwvox594KuWAMZmFWexrqHz9ow=="
    },
    "node_modules/wink-nlp-utils": {
      "version": "1.9.1",
      "resolved": "https://registry.npmjs.org/wink-nlp-utils/-/wink-nlp-utils-1.9.1.tgz",
      "integrity": "sha512-GVCLbWBoNrO9KiDgrG+j0LHluL12b5ezcl9BQafg/ilet5sfN5NDikLCC+INjOjxzHHwnuWbGq61L5gw96crwg==",
      "dependencies": {
        "wink-helpers": "^1.5.0",
        "wink-porter2-stemmer": "^1.0.8",
        "wink-tokenizer": "^4.1.0"
      }
    },
    "node_modules/wink-porter2-stemmer": {
      "version": "1.0.8",
      "resolved": "https://registry.npmjs.org/wink-porter2-stemmer/-/wink-porter2-stemmer-1.0.8.tgz",
      "integrity": "sha512-2GexsQK9nvhF3/Pg1RAHIg+dXGAaxVAsOcgq/+EpM2GYaBpFZxKn9yaaH85OtwPZPIgb88MS8Z/iJaTDVCUC1g=="
    },
    "node_modules/wink-tokenizer": {
      "version": "4.1.0",
      "resolved": "https://registry.npmjs.org/wink-tokenizer/-/wink-tokenizer-4.1.0.tgz",
      "integrity": "sha512-CZE9Uhe6TewR6ltXFeJaZQUSTgJLxfSSpTaazLtlHrPn3WUaxHzX2stVQoXgEk7lnXX9TKZRj9WXwX2yIlrMUA=="
    }
  },
  "dependencies": {
    "@ckirby/wink-bm25-text-search": {
      "version": "3.3.0",
      "resolved": "https://registry.npmjs.org/@ckirby/wink-bm25-text-search/-/wink-bm25-text-search-3.3.0.tgz",
      "integrity": "sha512-rieRbR5rBZqv6dqiorPkW0qR28LMOK6L8UpD3OLeO1BgH9BHsn6MSQi7XQRBuPZOF/gVMlRBib9mQtxzjBrNMw==",
      "requires": {
        "bluebird": "^3.5.1",
        "wink-helpers": "^1.4.0",
        "wink-nlp-utils": "^1.9.0"
      }
    },
    "bluebird": {
      "version": "3.7.2",
      "resolved": "https://registry.npmjs.org/bluebird/-/bluebird-3.7.2.tgz",
      "integrity": "sha512-XpNj6GDQzdfW+r2Wnn7xiSAd7TM3jzkxGXBGTtWKuSXv1xUV+azxAm8jdWZN06QTQk+2N2XB9jRDkvbmQmcRtg=="
    },
    "csvtojson": {
      "version": "2.0.10",
      "resolved": "https://registry.npmjs.org/csvtojson/-/csvtojson-2.0.10.tgz",
      "integrity": "sha512-lUWFxGKyhraKCW8Qghz6Z0f2l/PqB1W3AO0HKJzGIQ5JRSlR651ekJDiGJbBT4sRNNv5ddnSGVEnsxP9XRCVpQ==",
      "requires": {
        "bluebird": "^3.5.1",
        "lodash": "^4.17.3",
        "strip-bom": "^2.0.0"
      }
    },
    "emoji-regex": {
      "version": "9.2.2",
      "resolved": "https://registry.npmjs.org/emoji-regex/-/emoji-regex-9.2.2.tgz",
      "integrity": "sha512-L18DaJsXSUk2+42pv8mLs5jJT2hqFkFE4j21wOmgbUqsZ2hL72NsUU785g9RXgo3s0ZNgVl42TiHp3ZtOv/Vyg=="
    },
    "fs": {
      "version": "0.0.1-security",
      "resolved": "https://registry.npmjs.org/fs/-/fs-0.0.1-security.tgz",
      "integrity": "sha1-invTcYa23d84E/I4WLV+yq9eQdQ="
    },
    "is-utf8": {
      "version": "0.2.1",
      "resolved": "https://registry.npmjs.org/is-utf8/-/is-utf8-0.2.1.tgz",
      "integrity": "sha1-Sw2hRCEE0bM2NA6AeX6GXPOffXI="
    },
    "lodash": {
      "version": "4.17.21",
      "resolved": "https://registry.npmjs.org/lodash/-/lodash-4.17.21.tgz",
      "integrity": "sha512-v2kDEe57lecTulaDIuNTPy3Ry4gLGJ6Z1O3vE1krgXZNrsQ+LFTGHVxVjcXPs17LhbZVGedAJv8XZ1tvj5FvSg=="
    },
    "strip-bom": {
      "version": "2.0.0",
      "resolved": "https://registry.npmjs.org/strip-bom/-/strip-bom-2.0.0.tgz",
      "integrity": "sha1-YhmoVhZSBJHzV4i9vxRHqZx+aw4=",
      "requires": {
        "is-utf8": "^0.2.0"
      }
    },
    "wink-bm25-text-search": {
      "version": "3.1.0",
      "resolved": "https://registry.npmjs.org/wink-bm25-text-search/-/wink-bm25-text-search-3.1.0.tgz",
      "integrity": "sha512-WhEE6geKP2JWZzhXvZImu0xbEBwN12yx5/E3/TsDP5jIP/BcfQtMTFnlDmRvygSbNQYu+WIvEh2t4nuPMEkRFw==",
      "requires": {
        "wink-eng-lite-web-model": "^1.2.2",
        "wink-helpers": "^2.0.0",
        "wink-nlp": "^1.8.1",
        "wink-nlp-utils": "^2.0.4"
      },
      "dependencies": {
        "wink-helpers": {
          "version": "2.0.0",
          "resolved": "https://registry.npmjs.org/wink-helpers/-/wink-helpers-2.0.0.tgz",
          "integrity": "sha512-I/ZzXrHcNRXuoeFJmp2vMVqDI6UCK02Tds1WP4kSGAmx520gjL1BObVzF7d2ps24tyHIly9ngdB2jwhlFUjPvg=="
        },
        "wink-nlp-utils": {
          "version": "2.0.7",
          "resolved": "https://registry.npmjs.org/wink-nlp-utils/-/wink-nlp-utils-2.0.7.tgz",
          "integrity": "sha512-EV+utoZt2g748YQMfADC37wJgMS1kCO2S3QnN3ZmWKTrnWs/0FryDp+5BeyyUMtEsjdTemIogL4EENt91qilKg==",
          "requires": {
            "wink-distance": "^2.0.1",
            "wink-helpers": "^2.0.0",
            "wink-porter2-stemmer": "^2.0.1",
            "wink-tokenizer": "^5.2.3"
          }
        },
        "wink-porter2-stemmer": {
          "version": "2.0.1",
          "resolved": "https://registry.npmjs.org/wink-porter2-stemmer/-/wink-porter2-stemmer-2.0.1.tgz",
          "integrity": "sha512-0g+RkkqhRXFmSpJQStVXW5N/WsshWpJXsoDRW7DwVkGI2uDT6IBCoq3xdH5p6IHLaC6ygk7RWUsUx4alKxoagQ=="
        },
        "wink-tokenizer": {
          "version": "5.3.0",
          "resolved": "https://registry.npmjs.org/wink-tokenizer/-/wink-tokenizer-5.3.0.tgz",
          "integrity": "sha512-O/yAw0g3FmSgeeQuYAJJfP7fVPB4A6ay0018qASh79aWmIOyPYy4j4r9EQT8xBjicja6lCLvgRVAybmEBaATQA==",
          "requires": {
            "emoji-regex": "^9.0.0"
          }
        }
      }
    },
    "wink-distance": {
      "version": "2.0.1",
      "resolved": "https://registry.npmjs.org/wink-distance/-/wink-distance-2.0.1.tgz",
      "integrity": "sha512-meGDNKIvzSB4EounIuvR7PICqmq7rn4ufkacBnxcEkOXkQfbtnAR+PDSf4rsa6Mb/ax9RA3mHMqKMzycRMqD/Q==",
      "requires": {
        "wink-helpers": "^2.0.0",
        "wink-jaro-distance": "^2.0.0"
      },
      "dependencies": {
        "wink-helpers": {
          "version": "2.0.0",
          "resolved": "https://registry.npmjs.org/wink-helpers/-/wink-helpers-2.0.0.tgz",
          "integrity": "sha512-I/ZzXrHcNRXuoeFJmp2vMVqDI6UCK02Tds1WP4kSGAmx520gjL1BObVzF7d2ps24tyHIly9ngdB2jwhlFUjPvg=="
        }
      }
    },
    "wink-eng-lite-web-model": {
      "version": "1.3.2",
      "resolved": "https://registry.npmjs.org/wink-eng-lite-web-model/-/wink-eng-lite-web-model-1.3.2.tgz",
      "integrity": "sha512-fUPoxuivPN+4kiDXBU3EU/v20vbbpF+weMNj5/yN8a4PvZ+e9Xg9whk2oDlIS+pFWLpCbB/iJ3r1tPjHTGc+tA==",
      "requires": {}
    },
    "wink-helpers": {
      "version": "1.5.0",
      "resolved": "https://registry.npmjs.org/wink-helpers/-/wink-helpers-1.5.0.tgz",
      "integrity": "sha512-vEt2zk8/8UGTLky9jYeHd4BOBJtpswXY89+K4Ip9Jeh7oe7YOgGws+kTy+hHyaQOTBqAbJbXTsQ9RMnTY2CJDw=="
    },
    "wink-jaro-distance": {
      "version": "2.0.0",
      "resolved": "https://registry.npmjs.org/wink-jaro-distance/-/wink-jaro-distance-2.0.0.tgz",
      "integrity": "sha512-9bcUaXCi9N8iYpGWbFkf83OsBkg17r4hEyxusEzl+nnReLRPqxhB9YNeRn3g54SYnVRNXP029lY3HDsbdxTAuA=="
    },
    "wink-nlp": {
      "version": "1.10.0",
      "resolved": "https://registry.npmjs.org/wink-nlp/-/wink-nlp-1.10.0.tgz",
      "integrity": "sha512-fpANFuIAkqeNfOmhjqrXUgsy/r+4jGaMCCA61gZ9JRfftJ4tFqH4/od0X8xzBwvox594KuWAMZmFWexrqHz9ow=="
    },
    "wink-nlp-utils": {
      "version": "1.9.1",
      "resolved": "https://registry.npmjs.org/wink-nlp-utils/-/wink-nlp-utils-1.9.1.tgz",
      "integrity": "sha512-GVCLbWBoNrO9KiDgrG+j0LHluL12b5ezcl9BQafg/ilet5sfN5NDikLCC+INjOjxzHHwnuWbGq61L5gw96crwg==",
      "requires": {
        "wink-helpers": "^1.5.0",
        "wink-porter2-stemmer": "^1.0.8",
        "wink-tokenizer": "^4.1.0"
      }
    },
    "wink-porter2-stemmer": {
      "version": "1.0.8",
      "resolved": "https://registry.npmjs.org/wink-porter2-stemmer/-/wink-porter2-stemmer-1.0.8.tgz",
      "integrity": "sha512-2GexsQK9nvhF3/Pg1RAHIg+dXGAaxVAsOcgq/+EpM2GYaBpFZxKn9yaaH85OtwPZPIgb88MS8Z/iJaTDVCUC1g=="
    },
    "wink-tokenizer": {
      "version": "4.1.0",
      "resolved": "https://registry.npmjs.org/wink-tokenizer/-/wink-tokenizer-4.1.0.tgz",
      "integrity": "sha512-CZE9Uhe6TewR6ltXFeJaZQUSTgJLxfSSpTaazLtlHrPn3WUaxHzX2stVQoXgEk7lnXX9TKZRj9WXwX2yIlrMUA=="
    }
  }
}
